
Microsoft Visual Studio Solution File, Format Version 12.00
# Visual Studio 2015
Project("{FAE04EC0-301F-11D3-BF4B-00C04F79EFBC}") = "GA_MissionMoon.CSharp", "GA_MissionMoon.CSharp.csproj", "{1A54BF29-F012-4CB8-98D0-FBACC4C5E893}"
EndProject
Global
	GlobalSection(SolutionConfigurationPlatforms) = preSolution
		Debug|Any CPU = Debug|Any CPU
		Release|Any CPU = Release|Any CPU
	EndGlobalSection
	GlobalSection(ProjectConfigurationPlatforms) = postSolution
		{1A54BF29-F012-4CB8-98D0-FBACC4C5E893}.Debug|Any CPU.ActiveCfg = Debug|Any CPU
		{1A54BF29-F012-4CB8-98D0-FBACC4C5E893}.Debug|Any CPU.Build.0 = Debug|Any CPU
		{1A54BF29-F012-4CB8-98D0-FBACC4C5E893}.Release|Any CPU.ActiveCfg = Release|Any CPU
		{1A54BF29-F012-4CB8-98D0-FBACC4C5E893}.Release|Any CPU.Build.0 = Release|Any CPU
	EndGlobalSection
	GlobalSection(SolutionProperties) = preSolution
		HideSolutionNode = FALSE
	EndGlobalSection
EndGlobal
